
Microsoft Visual Studio Solution File, Format Version 12.00
# Visual Studio 15
Project("{FAE04EC0-301F-11D3-BF4B-00C04F79EFBC}") = "Assembly-CSharp", "Assembly-CSharp.csproj", "{904D1D99-857D-124D-BEF8-2131A655FE9D}"
EndProject
Global
	GlobalSection(SolutionConfigurationPlatforms) = preSolution
		Debug|Any CPU = Debug|Any CPU
		Release|Any CPU = Release|Any CPU
	EndGlobalSection
	GlobalSection(ProjectConfigurationPlatforms) = postSolution
		{904D1D99-857D-124D-BEF8-2131A655FE9D}.Debug|Any CPU.ActiveCfg = Debug|Any CPU
		{904D1D99-857D-124D-BEF8-2131A655FE9D}.Debug|Any CPU.Build.0 = Debug|Any CPU
		{904D1D99-857D-124D-BEF8-2131A655FE9D}.Release|Any CPU.ActiveCfg = Release|Any CPU
		{904D1D99-857D-124D-BEF8-2131A655FE9D}.Release|Any CPU.Build.0 = Release|Any CPU
	EndGlobalSection
	GlobalSection(SolutionProperties) = preSolution
		HideSolutionNode = FALSE
	EndGlobalSection
EndGlobal
