
Microsoft Visual Studio Solution File, Format Version 12.00
# Visual Studio 15
VisualStudioVersion = 15.0.28307.1062
MinimumVisualStudioVersion = 10.0.40219.1
Project("{FAE04EC0-301F-11D3-BF4B-00C04F79EFBC}") = "ExcelToProtobuf", "ExcelToProtobuf.csproj", "{6454DC7D-CB62-4311-8C4A-100B4CC3FD5F}"
EndProject
Global
	GlobalSection(SolutionConfigurationPlatforms) = preSolution
		Debug|Any CPU = Debug|Any CPU
		Release|Any CPU = Release|Any CPU
	EndGlobalSection
	GlobalSection(ProjectConfigurationPlatforms) = postSolution
		{6454DC7D-CB62-4311-8C4A-100B4CC3FD5F}.Debug|Any CPU.ActiveCfg = Debug|Any CPU
		{6454DC7D-CB62-4311-8C4A-100B4CC3FD5F}.Debug|Any CPU.Build.0 = Debug|Any CPU
		{6454DC7D-CB62-4311-8C4A-100B4CC3FD5F}.Release|Any CPU.ActiveCfg = Release|Any CPU
		{6454DC7D-CB62-4311-8C4A-100B4CC3FD5F}.Release|Any CPU.Build.0 = Release|Any CPU
	EndGlobalSection
	GlobalSection(SolutionProperties) = preSolution
		HideSolutionNode = FALSE
	EndGlobalSection
	GlobalSection(ExtensibilityGlobals) = postSolution
		SolutionGuid = {F5FE7114-B619-4095-8D01-A8F37A73509E}
	EndGlobalSection
EndGlobal
